
Microsoft Visual Studio Solution File, Format Version 12.00
# Visual Studio Version 16
Project("{8BC9CEB8-8B4A-11D0-8D11-00A0C91BC942}") = "TomatoApp", "TomatoApp\TomatoApp.vcxproj", "{9A4BBE4C-06B6-72C3-4FF4-2369BB9D5018}"
EndProject
Project("{2150E333-8FDC-42A3-9474-1A3956D46DE8}") = "Dependencies", "Dependencies", "{53E47842-3FC8-3998-A828-34EB942B241A}"
EndProject
Project("{8BC9CEB8-8B4A-11D0-8D11-00A0C91BC942}") = "GLFW", "Tomato\dependencies\GLFW\GLFW.vcxproj", "{154B857C-0182-860D-AA6E-6C109684020F}"
EndProject
Project("{8BC9CEB8-8B4A-11D0-8D11-00A0C91BC942}") = "Glad", "Tomato\dependencies\Glad\Glad.vcxproj", "{BDD6857C-A90D-870D-52FA-6C103E10030F}"
EndProject
Project("{8BC9CEB8-8B4A-11D0-8D11-00A0C91BC942}") = "ImGui", "Tomato\dependencies\ImGui\ImGui.vcxproj", "{C0FF640D-2C14-8DBE-F595-301E616989EF}"
EndProject
Project("{8BC9CEB8-8B4A-11D0-8D11-00A0C91BC942}") = "yaml-cpp", "Tomato\dependencies\yaml-cpp\yaml-cpp.vcxproj", "{88F1A057-74BE-FB62-9DD7-E90A890331F1}"
EndProject
Project("{8BC9CEB8-8B4A-11D0-8D11-00A0C91BC942}") = "Tomato", "Tomato\Tomato.vcxproj", "{D96AE6D3-C50C-11AA-AEC7-24FE9A0898FA}"
EndProject
Project("{8BC9CEB8-8B4A-11D0-8D11-00A0C91BC942}") = "Tomato3D", "Tomato3D\Tomato3D.vcxproj", "{F08B2C67-DC58-8772-0572-751AF19DBC00}"
EndProject
Global
	GlobalSection(SolutionConfigurationPlatforms) = preSolution
		Debug|x64 = Debug|x64
		Release|x64 = Release|x64
	EndGlobalSection
	GlobalSection(ProjectConfigurationPlatforms) = postSolution
		{9A4BBE4C-06B6-72C3-4FF4-2369BB9D5018}.Debug|x64.ActiveCfg = Debug|x64
		{9A4BBE4C-06B6-72C3-4FF4-2369BB9D5018}.Debug|x64.Build.0 = Debug|x64
		{9A4BBE4C-06B6-72C3-4FF4-2369BB9D5018}.Release|x64.ActiveCfg = Release|x64
		{9A4BBE4C-06B6-72C3-4FF4-2369BB9D5018}.Release|x64.Build.0 = Release|x64
		{154B857C-0182-860D-AA6E-6C109684020F}.Debug|x64.ActiveCfg = Debug|x64
		{154B857C-0182-860D-AA6E-6C109684020F}.Debug|x64.Build.0 = Debug|x64
		{154B857C-0182-860D-AA6E-6C109684020F}.Release|x64.ActiveCfg = Release|x64
		{154B857C-0182-860D-AA6E-6C109684020F}.Release|x64.Build.0 = Release|x64
		{BDD6857C-A90D-870D-52FA-6C103E10030F}.Debug|x64.ActiveCfg = Debug|x64
		{BDD6857C-A90D-870D-52FA-6C103E10030F}.Debug|x64.Build.0 = Debug|x64
		{BDD6857C-A90D-870D-52FA-6C103E10030F}.Release|x64.ActiveCfg = Release|x64
		{BDD6857C-A90D-870D-52FA-6C103E10030F}.Release|x64.Build.0 = Release|x64
		{C0FF640D-2C14-8DBE-F595-301E616989EF}.Debug|x64.ActiveCfg = Debug|x64
		{C0FF640D-2C14-8DBE-F595-301E616989EF}.Debug|x64.Build.0 = Debug|x64
		{C0FF640D-2C14-8DBE-F595-301E616989EF}.Release|x64.ActiveCfg = Release|x64
		{C0FF640D-2C14-8DBE-F595-301E616989EF}.Release|x64.Build.0 = Release|x64
		{88F1A057-74BE-FB62-9DD7-E90A890331F1}.Debug|x64.ActiveCfg = Debug|x64
		{88F1A057-74BE-FB62-9DD7-E90A890331F1}.Debug|x64.Build.0 = Debug|x64
		{88F1A057-74BE-FB62-9DD7-E90A890331F1}.Release|x64.ActiveCfg = Release|x64
		{88F1A057-74BE-FB62-9DD7-E90A890331F1}.Release|x64.Build.0 = Release|x64
		{D96AE6D3-C50C-11AA-AEC7-24FE9A0898FA}.Debug|x64.ActiveCfg = Debug|x64
		{D96AE6D3-C50C-11AA-AEC7-24FE9A0898FA}.Debug|x64.Build.0 = Debug|x64
		{D96AE6D3-C50C-11AA-AEC7-24FE9A0898FA}.Release|x64.ActiveCfg = Release|x64
		{D96AE6D3-C50C-11AA-AEC7-24FE9A0898FA}.Release|x64.Build.0 = Release|x64
		{F08B2C67-DC58-8772-0572-751AF19DBC00}.Debug|x64.ActiveCfg = Debug|x64
		{F08B2C67-DC58-8772-0572-751AF19DBC00}.Debug|x64.Build.0 = Debug|x64
		{F08B2C67-DC58-8772-0572-751AF19DBC00}.Release|x64.ActiveCfg = Release|x64
		{F08B2C67-DC58-8772-0572-751AF19DBC00}.Release|x64.Build.0 = Release|x64
	EndGlobalSection
	GlobalSection(SolutionProperties) = preSolution
		HideSolutionNode = FALSE
	EndGlobalSection
	GlobalSection(NestedProjects) = preSolution
		{154B857C-0182-860D-AA6E-6C109684020F} = {53E47842-3FC8-3998-A828-34EB942B241A}
		{BDD6857C-A90D-870D-52FA-6C103E10030F} = {53E47842-3FC8-3998-A828-34EB942B241A}
		{C0FF640D-2C14-8DBE-F595-301E616989EF} = {53E47842-3FC8-3998-A828-34EB942B241A}
		{88F1A057-74BE-FB62-9DD7-E90A890331F1} = {53E47842-3FC8-3998-A828-34EB942B241A}
	EndGlobalSection
EndGlobal
