<?xml version="1.0" encoding="utf-8"?>
<Project ToolsVersion="4.0" xmlns="http://schemas.microsoft.com/developer/msbuild/2003">
  <ItemGroup>
    <Filter Include="Tomato">
      <UniqueIdentifier>{D96AE6D3-C50C-11AA-AEC7-24FE9A0898FA}</UniqueIdentifier>
    </Filter>
    <Filter Include="Tomato\Core">
      <UniqueIdentifier>{D13E2174-3DF4-9969-C6E8-9340329D906D}</UniqueIdentifier>
    </Filter>
    <Filter Include="Tomato\Core\DateTime">
      <UniqueIdentifier>{CDBA17EA-B949-A1B3-6268-B5AE4ED6B159}</UniqueIdentifier>
    </Filter>
    <Filter Include="Tomato\Core\FileManager">
      <UniqueIdentifier>{7B0BE106-E742-299E-F04C-8DC15C035097}</UniqueIdentifier>
    </Filter>
    <Filter Include="Tomato\Core\Logger">
      <UniqueIdentifier>{805F9A13-6C43-5B69-D5A3-55BCC1A645EB}</UniqueIdentifier>
    </Filter>
    <Filter Include="Tomato\Core\Maths">
      <UniqueIdentifier>{FD572E2F-696E-2CC5-B2E5-B7E61E3BFD4C}</UniqueIdentifier>
    </Filter>
    <Filter Include="Tomato\Core\Timer">
      <UniqueIdentifier>{6148B12F-CD5E-AFC5-16D6-3AE7822B804D}</UniqueIdentifier>
    </Filter>
    <Filter Include="Tomato\Event">
      <UniqueIdentifier>{EAEA70F8-D64D-009D-7FD3-38536B15CC1F}</UniqueIdentifier>
    </Filter>
    <Filter Include="Tomato\GUI">
      <UniqueIdentifier>{6D2E7DE4-59E6-BE31-C2ED-978DAEC45922}</UniqueIdentifier>
    </Filter>
    <Filter Include="Tomato\Object">
      <UniqueIdentifier>{3F8A7A1C-AB4A-F652-7485-3FD0E0043B2F}</UniqueIdentifier>
    </Filter>
    <Filter Include="Tomato\Object\2D">
      <UniqueIdentifier>{84A409CE-709D-2820-99CF-0DA58527082C}</UniqueIdentifier>
    </Filter>
    <Filter Include="Tomato\Object\3D">
      <UniqueIdentifier>{A5A409CE-919D-2820-BACF-0DA5A627082C}</UniqueIdentifier>
    </Filter>
    <Filter Include="Tomato\Renderer">
      <UniqueIdentifier>{9FF23DDA-0B7E-AB9E-148F-2E938099079F}</UniqueIdentifier>
    </Filter>
    <Filter Include="Tomato\Renderer\Buffer">
      <UniqueIdentifier>{A86B2110-9465-4A62-7DD2-E072696BB0CE}</UniqueIdentifier>
    </Filter>
    <Filter Include="Tomato\Renderer\Texture">
      <UniqueIdentifier>{FF46E259-6B7E-2AF1-7488-8E14E03E51EA}</UniqueIdentifier>
    </Filter>
  </ItemGroup>
  <ItemGroup>
    <ClInclude Include="src\Tomato.h" />
    <ClInclude Include="src\Tomato\App.h">
      <Filter>Tomato</Filter>
    </ClInclude>
    <ClInclude Include="src\Tomato\Core\DateTime\Date.h">
      <Filter>Tomato\Core\DateTime</Filter>
    </ClInclude>
    <ClInclude Include="src\Tomato\Core\DateTime\DateTime.h">
      <Filter>Tomato\Core\DateTime</Filter>
    </ClInclude>
    <ClInclude Include="src\Tomato\Core\DateTime\Time.h">
      <Filter>Tomato\Core\DateTime</Filter>
    </ClInclude>
    <ClInclude Include="src\Tomato\Core\FileManager\File.h">
      <Filter>Tomato\Core\FileManager</Filter>
    </ClInclude>
    <ClInclude Include="src\Tomato\Core\Logger\Logger.h">
      <Filter>Tomato\Core\Logger</Filter>
    </ClInclude>
    <ClInclude Include="src\Tomato\Core\Logger\Print.h">
      <Filter>Tomato\Core\Logger</Filter>
    </ClInclude>
    <ClInclude Include="src\Tomato\Core\Maths\BaseTypes.h">
      <Filter>Tomato\Core\Maths</Filter>
    </ClInclude>
    <ClInclude Include="src\Tomato\Core\Maths\Float.h">
      <Filter>Tomato\Core\Maths</Filter>
    </ClInclude>
    <ClInclude Include="src\Tomato\Core\Maths\Int.h">
      <Filter>Tomato\Core\Maths</Filter>
    </ClInclude>
    <ClInclude Include="src\Tomato\Core\Maths\Mat.h">
      <Filter>Tomato\Core\Maths</Filter>
    </ClInclude>
    <ClInclude Include="src\Tomato\Core\Maths\Math.h">
      <Filter>Tomato\Core\Maths</Filter>
    </ClInclude>
    <ClInclude Include="src\Tomato\Core\Maths\Maths.h">
      <Filter>Tomato\Core\Maths</Filter>
    </ClInclude>
    <ClInclude Include="src\Tomato\Core\Maths\Matrix.h">
      <Filter>Tomato\Core\Maths</Filter>
    </ClInclude>
    <ClInclude Include="src\Tomato\Core\Maths\Quaternion.h">
      <Filter>Tomato\Core\Maths</Filter>
    </ClInclude>
    <ClInclude Include="src\Tomato\Core\Maths\UInt.h">
      <Filter>Tomato\Core\Maths</Filter>
    </ClInclude>
    <ClInclude Include="src\Tomato\Core\Maths\Vec.h">
      <Filter>Tomato\Core\Maths</Filter>
    </ClInclude>
    <ClInclude Include="src\Tomato\Core\Timer\Benchmarker.h">
      <Filter>Tomato\Core\Timer</Filter>
    </ClInclude>
    <ClInclude Include="src\Tomato\Core\Timer\Timer.h">
      <Filter>Tomato\Core\Timer</Filter>
    </ClInclude>
    <ClInclude Include="src\Tomato\Event\Event.h">
      <Filter>Tomato\Event</Filter>
    </ClInclude>
    <ClInclude Include="src\Tomato\Event\Events.h">
      <Filter>Tomato\Event</Filter>
    </ClInclude>
    <ClInclude Include="src\Tomato\Event\Input.h">
      <Filter>Tomato\Event</Filter>
    </ClInclude>
    <ClInclude Include="src\Tomato\Event\KeyboardCodes.h">
      <Filter>Tomato\Event</Filter>
    </ClInclude>
    <ClInclude Include="src\Tomato\Event\KeyboardEvent.h">
      <Filter>Tomato\Event</Filter>
    </ClInclude>
    <ClInclude Include="src\Tomato\Event\MouseCodes.h">
      <Filter>Tomato\Event</Filter>
    </ClInclude>
    <ClInclude Include="src\Tomato\Event\MouseEvent.h">
      <Filter>Tomato\Event</Filter>
    </ClInclude>
    <ClInclude Include="src\Tomato\Event\WindowEvent.h">
      <Filter>Tomato\Event</Filter>
    </ClInclude>
    <ClInclude Include="src\Tomato\GUI\GUI.h">
      <Filter>Tomato\GUI</Filter>
    </ClInclude>
    <ClInclude Include="src\Tomato\Layer.h">
      <Filter>Tomato</Filter>
    </ClInclude>
    <ClInclude Include="src\Tomato\Object\2D\Circle.h">
      <Filter>Tomato\Object\2D</Filter>
    </ClInclude>
    <ClInclude Include="src\Tomato\Object\2D\Quad.h">
      <Filter>Tomato\Object\2D</Filter>
    </ClInclude>
    <ClInclude Include="src\Tomato\Object\2D\Triangle.h">
      <Filter>Tomato\Object\2D</Filter>
    </ClInclude>
    <ClInclude Include="src\Tomato\Object\3D\Cube.h">
      <Filter>Tomato\Object\3D</Filter>
    </ClInclude>
    <ClInclude Include="src\Tomato\Object\Object.h">
      <Filter>Tomato\Object</Filter>
    </ClInclude>
    <ClInclude Include="src\Tomato\Object\Transform.h">
      <Filter>Tomato\Object</Filter>
    </ClInclude>
    <ClInclude Include="src\Tomato\Renderer\Buffer\Buffer.h">
      <Filter>Tomato\Renderer\Buffer</Filter>
    </ClInclude>
    <ClInclude Include="src\Tomato\Renderer\Buffer\FrameBuffer.h">
      <Filter>Tomato\Renderer\Buffer</Filter>
    </ClInclude>
    <ClInclude Include="src\Tomato\Renderer\Buffer\IndexBuffer.h">
      <Filter>Tomato\Renderer\Buffer</Filter>
    </ClInclude>
    <ClInclude Include="src\Tomato\Renderer\Buffer\Vertex.h">
      <Filter>Tomato\Renderer\Buffer</Filter>
    </ClInclude>
    <ClInclude Include="src\Tomato\Renderer\Buffer\VertexArray.h">
      <Filter>Tomato\Renderer\Buffer</Filter>
    </ClInclude>
    <ClInclude Include="src\Tomato\Renderer\Buffer\VertexBuffer.h">
      <Filter>Tomato\Renderer\Buffer</Filter>
    </ClInclude>
    <ClInclude Include="src\Tomato\Renderer\Camera.h">
      <Filter>Tomato\Renderer</Filter>
    </ClInclude>
    <ClInclude Include="src\Tomato\Renderer\Renderer.h">
      <Filter>Tomato\Renderer</Filter>
    </ClInclude>
    <ClInclude Include="src\Tomato\Renderer\Scene.h">
      <Filter>Tomato\Renderer</Filter>
    </ClInclude>
    <ClInclude Include="src\Tomato\Renderer\Shader.h">
      <Filter>Tomato\Renderer</Filter>
    </ClInclude>
    <ClInclude Include="src\Tomato\Renderer\Texture\Image.h">
      <Filter>Tomato\Renderer\Texture</Filter>
    </ClInclude>
    <ClInclude Include="src\Tomato\Renderer\Texture\Texture.h">
      <Filter>Tomato\Renderer\Texture</Filter>
    </ClInclude>
    <ClInclude Include="src\Tomato\Window.h">
      <Filter>Tomato</Filter>
    </ClInclude>
    <ClInclude Include="src\pchTomato.h" />
  </ItemGroup>
  <ItemGroup>
    <ClCompile Include="src\Tomato\App.cpp">
      <Filter>Tomato</Filter>
    </ClCompile>
    <ClCompile Include="src\Tomato\Core\DateTime\Date.cpp">
      <Filter>Tomato\Core\DateTime</Filter>
    </ClCompile>
    <ClCompile Include="src\Tomato\Core\DateTime\DateTime.cpp">
      <Filter>Tomato\Core\DateTime</Filter>
    </ClCompile>
    <ClCompile Include="src\Tomato\Core\DateTime\Time.cpp">
      <Filter>Tomato\Core\DateTime</Filter>
    </ClCompile>
    <ClCompile Include="src\Tomato\Core\FileManager\File.cpp">
      <Filter>Tomato\Core\FileManager</Filter>
    </ClCompile>
    <ClCompile Include="src\Tomato\Core\Logger\Logger.cpp">
      <Filter>Tomato\Core\Logger</Filter>
    </ClCompile>
    <ClCompile Include="src\Tomato\Core\Maths\Float.cpp">
      <Filter>Tomato\Core\Maths</Filter>
    </ClCompile>
    <ClCompile Include="src\Tomato\Core\Maths\Int.cpp">
      <Filter>Tomato\Core\Maths</Filter>
    </ClCompile>
    <ClCompile Include="src\Tomato\Core\Maths\Math.cpp">
      <Filter>Tomato\Core\Maths</Filter>
    </ClCompile>
    <ClCompile Include="src\Tomato\Core\Maths\Quaternion.cpp">
      <Filter>Tomato\Core\Maths</Filter>
    </ClCompile>
    <ClCompile Include="src\Tomato\Core\Maths\UInt.cpp">
      <Filter>Tomato\Core\Maths</Filter>
    </ClCompile>
    <ClCompile Include="src\Tomato\Core\Timer\Benchmarker.cpp">
      <Filter>Tomato\Core\Timer</Filter>
    </ClCompile>
    <ClCompile Include="src\Tomato\Core\Timer\Timer.cpp">
      <Filter>Tomato\Core\Timer</Filter>
    </ClCompile>
    <ClCompile Include="src\Tomato\EntryPoint.cpp">
      <Filter>Tomato</Filter>
    </ClCompile>
    <ClCompile Include="src\Tomato\Event\Event.cpp">
      <Filter>Tomato\Event</Filter>
    </ClCompile>
    <ClCompile Include="src\Tomato\Event\Input.cpp">
      <Filter>Tomato\Event</Filter>
    </ClCompile>
    <ClCompile Include="src\Tomato\GUI\GUI.cpp">
      <Filter>Tomato\GUI</Filter>
    </ClCompile>
    <ClCompile Include="src\Tomato\Object\2D\Circle.cpp">
      <Filter>Tomato\Object\2D</Filter>
    </ClCompile>
    <ClCompile Include="src\Tomato\Object\2D\Quad.cpp">
      <Filter>Tomato\Object\2D</Filter>
    </ClCompile>
    <ClCompile Include="src\Tomato\Object\2D\Triangle.cpp">
      <Filter>Tomato\Object\2D</Filter>
    </ClCompile>
    <ClCompile Include="src\Tomato\Object\3D\Cube.cpp">
      <Filter>Tomato\Object\3D</Filter>
    </ClCompile>
    <ClCompile Include="src\Tomato\Object\Object.cpp">
      <Filter>Tomato\Object</Filter>
    </ClCompile>
    <ClCompile Include="src\Tomato\Object\Transform.cpp">
      <Filter>Tomato\Object</Filter>
    </ClCompile>
    <ClCompile Include="src\Tomato\Renderer\Buffer\Buffer.cpp">
      <Filter>Tomato\Renderer\Buffer</Filter>
    </ClCompile>
    <ClCompile Include="src\Tomato\Renderer\Buffer\FrameBuffer.cpp">
      <Filter>Tomato\Renderer\Buffer</Filter>
    </ClCompile>
    <ClCompile Include="src\Tomato\Renderer\Buffer\IndexBuffer.cpp">
      <Filter>Tomato\Renderer\Buffer</Filter>
    </ClCompile>
    <ClCompile Include="src\Tomato\Renderer\Buffer\Vertex.cpp">
      <Filter>Tomato\Renderer\Buffer</Filter>
    </ClCompile>
    <ClCompile Include="src\Tomato\Renderer\Buffer\VertexArray.cpp">
      <Filter>Tomato\Renderer\Buffer</Filter>
    </ClCompile>
    <ClCompile Include="src\Tomato\Renderer\Buffer\VertexBuffer.cpp">
      <Filter>Tomato\Renderer\Buffer</Filter>
    </ClCompile>
    <ClCompile Include="src\Tomato\Renderer\Camera.cpp">
      <Filter>Tomato\Renderer</Filter>
    </ClCompile>
    <ClCompile Include="src\Tomato\Renderer\Renderer.cpp">
      <Filter>Tomato\Renderer</Filter>
    </ClCompile>
    <ClCompile Include="src\Tomato\Renderer\Scene.cpp">
      <Filter>Tomato\Renderer</Filter>
    </ClCompile>
    <ClCompile Include="src\Tomato\Renderer\Shader.cpp">
      <Filter>Tomato\Renderer</Filter>
    </ClCompile>
    <ClCompile Include="src\Tomato\Renderer\Texture\Image.cpp">
      <Filter>Tomato\Renderer\Texture</Filter>
    </ClCompile>
    <ClCompile Include="src\Tomato\Renderer\Texture\Texture.cpp">
      <Filter>Tomato\Renderer\Texture</Filter>
    </ClCompile>
    <ClCompile Include="src\Tomato\Window.cpp">
      <Filter>Tomato</Filter>
    </ClCompile>
    <ClCompile Include="src\pchTomato.cpp" />
  </ItemGroup>
</Project>