<?xml version="1.0" encoding="utf-8"?>
<Project ToolsVersion="4.0" xmlns="http://schemas.microsoft.com/developer/msbuild/2003">
  <ItemGroup>
    <Filter Include="RendererAPI">
      <UniqueIdentifier>{162C8002-82E1-F8F7-0BD6-F2CE778AEFFB}</UniqueIdentifier>
    </Filter>
    <Filter Include="RendererAPI\DirectX">
      <UniqueIdentifier>{D8C461B8-4426-3FC6-CD93-857839F47585}</UniqueIdentifier>
    </Filter>
    <Filter Include="RendererAPI\OpenGL">
      <UniqueIdentifier>{8AA01BB3-7684-DC08-DFE4-D65BCBE7C68A}</UniqueIdentifier>
    </Filter>
    <Filter Include="Tomato">
      <UniqueIdentifier>{D96AE6D3-C50C-11AA-AEC7-24FE9A0898FA}</UniqueIdentifier>
    </Filter>
    <Filter Include="Tomato\Core">
      <UniqueIdentifier>{D13E2174-3DF4-9969-C6E8-9340329D906D}</UniqueIdentifier>
    </Filter>
    <Filter Include="Tomato\Core\App">
      <UniqueIdentifier>{8128710D-EDB3-DED1-F6C4-61C662CF3AD2}</UniqueIdentifier>
    </Filter>
    <Filter Include="Tomato\Core\DateTime">
      <UniqueIdentifier>{CDBA17EA-B949-A1B3-6268-B5AE4ED6B159}</UniqueIdentifier>
    </Filter>
    <Filter Include="Tomato\Core\FileManager">
      <UniqueIdentifier>{7B0BE106-E742-299E-F04C-8DC15C035097}</UniqueIdentifier>
    </Filter>
    <Filter Include="Tomato\Core\Logger">
      <UniqueIdentifier>{805F9A13-6C43-5B69-D5A3-55BCC1A645EB}</UniqueIdentifier>
    </Filter>
    <Filter Include="Tomato\Core\Maths">
      <UniqueIdentifier>{FD572E2F-696E-2CC5-B2E5-B7E61E3BFD4C}</UniqueIdentifier>
    </Filter>
    <Filter Include="Tomato\Core\Serializer">
      <UniqueIdentifier>{3ABF6E57-26B9-97A9-0F26-2EBAFBBEFD15}</UniqueIdentifier>
    </Filter>
    <Filter Include="Tomato\Core\String">
      <UniqueIdentifier>{37084F24-23EC-0F7A-8C4C-0ACD784FFAFB}</UniqueIdentifier>
    </Filter>
    <Filter Include="Tomato\Core\Timer">
      <UniqueIdentifier>{6148B12F-CD5E-AFC5-16D6-3AE7822B804D}</UniqueIdentifier>
    </Filter>
    <Filter Include="Tomato\Event">
      <UniqueIdentifier>{EAEA70F8-D64D-009D-7FD3-38536B15CC1F}</UniqueIdentifier>
    </Filter>
    <Filter Include="Tomato\GUI">
      <UniqueIdentifier>{6D2E7DE4-59E6-BE31-C2ED-978DAEC45922}</UniqueIdentifier>
    </Filter>
    <Filter Include="Tomato\Renderer">
      <UniqueIdentifier>{9FF23DDA-0B7E-AB9E-148F-2E938099079F}</UniqueIdentifier>
    </Filter>
    <Filter Include="Tomato\Renderer\Buffer">
      <UniqueIdentifier>{A86B2110-9465-4A62-7DD2-E072696BB0CE}</UniqueIdentifier>
    </Filter>
    <Filter Include="Tomato\Renderer\Scene">
      <UniqueIdentifier>{FC9A8FA4-6807-4B9F-31FB-E2FC9D266D07}</UniqueIdentifier>
    </Filter>
    <Filter Include="Tomato\Renderer\Scene\Component">
      <UniqueIdentifier>{5E5E8C6E-CA41-9BAE-D344-C9EA3FA761FF}</UniqueIdentifier>
    </Filter>
    <Filter Include="Tomato\Renderer\Texture">
      <UniqueIdentifier>{FF46E259-6B7E-2AF1-7488-8E14E03E51EA}</UniqueIdentifier>
    </Filter>
  </ItemGroup>
  <ItemGroup>
    <ClInclude Include="src\RendererAPI\DirectX\DirectXBuffer.h">
      <Filter>RendererAPI\DirectX</Filter>
    </ClInclude>
    <ClInclude Include="src\RendererAPI\DirectX\DirectXCodes.h">
      <Filter>RendererAPI\DirectX</Filter>
    </ClInclude>
    <ClInclude Include="src\RendererAPI\DirectX\DirectXDevice.h">
      <Filter>RendererAPI\DirectX</Filter>
    </ClInclude>
    <ClInclude Include="src\RendererAPI\DirectX\DirectXGUI.h">
      <Filter>RendererAPI\DirectX</Filter>
    </ClInclude>
    <ClInclude Include="src\RendererAPI\DirectX\DirectXIndexBuffer.h">
      <Filter>RendererAPI\DirectX</Filter>
    </ClInclude>
    <ClInclude Include="src\RendererAPI\DirectX\DirectXRenderer3D.h">
      <Filter>RendererAPI\DirectX</Filter>
    </ClInclude>
    <ClInclude Include="src\RendererAPI\DirectX\DirectXShader.h">
      <Filter>RendererAPI\DirectX</Filter>
    </ClInclude>
    <ClInclude Include="src\RendererAPI\DirectX\DirectXVertexBuffer.h">
      <Filter>RendererAPI\DirectX</Filter>
    </ClInclude>
    <ClInclude Include="src\RendererAPI\DirectX\DirectXWindow.h">
      <Filter>RendererAPI\DirectX</Filter>
    </ClInclude>
    <ClInclude Include="src\RendererAPI\OpenGL\OpenGLBuffer.h">
      <Filter>RendererAPI\OpenGL</Filter>
    </ClInclude>
    <ClInclude Include="src\RendererAPI\OpenGL\OpenGLGUI.h">
      <Filter>RendererAPI\OpenGL</Filter>
    </ClInclude>
    <ClInclude Include="src\RendererAPI\OpenGL\OpenGLIndexBuffer.h">
      <Filter>RendererAPI\OpenGL</Filter>
    </ClInclude>
    <ClInclude Include="src\RendererAPI\OpenGL\OpenGLInput.h">
      <Filter>RendererAPI\OpenGL</Filter>
    </ClInclude>
    <ClInclude Include="src\RendererAPI\OpenGL\OpenGLRenderer3D.h">
      <Filter>RendererAPI\OpenGL</Filter>
    </ClInclude>
    <ClInclude Include="src\RendererAPI\OpenGL\OpenGLShader.h">
      <Filter>RendererAPI\OpenGL</Filter>
    </ClInclude>
    <ClInclude Include="src\RendererAPI\OpenGL\OpenGLVertexArray.h">
      <Filter>RendererAPI\OpenGL</Filter>
    </ClInclude>
    <ClInclude Include="src\RendererAPI\OpenGL\OpenGLVertexBuffer.h">
      <Filter>RendererAPI\OpenGL</Filter>
    </ClInclude>
    <ClInclude Include="src\RendererAPI\OpenGL\OpenGLWindow.h">
      <Filter>RendererAPI\OpenGL</Filter>
    </ClInclude>
    <ClInclude Include="src\RendererAPI\RendererAPI.h">
      <Filter>RendererAPI</Filter>
    </ClInclude>
    <ClInclude Include="src\RendererAPI\RendererData.h">
      <Filter>RendererAPI</Filter>
    </ClInclude>
    <ClInclude Include="src\Tomato.h" />
    <ClInclude Include="src\Tomato\Core\App\App.h">
      <Filter>Tomato\Core\App</Filter>
    </ClInclude>
    <ClInclude Include="src\Tomato\Core\App\ImGuiLayer.h">
      <Filter>Tomato\Core\App</Filter>
    </ClInclude>
    <ClInclude Include="src\Tomato\Core\App\Layer.h">
      <Filter>Tomato\Core\App</Filter>
    </ClInclude>
    <ClInclude Include="src\Tomato\Core\App\MenuBar.h">
      <Filter>Tomato\Core\App</Filter>
    </ClInclude>
    <ClInclude Include="src\Tomato\Core\App\Object.h">
      <Filter>Tomato\Core\App</Filter>
    </ClInclude>
    <ClInclude Include="src\Tomato\Core\App\UUID.h">
      <Filter>Tomato\Core\App</Filter>
    </ClInclude>
    <ClInclude Include="src\Tomato\Core\App\Window.h">
      <Filter>Tomato\Core\App</Filter>
    </ClInclude>
    <ClInclude Include="src\Tomato\Core\Core.h">
      <Filter>Tomato\Core</Filter>
    </ClInclude>
    <ClInclude Include="src\Tomato\Core\DateTime\Date.h">
      <Filter>Tomato\Core\DateTime</Filter>
    </ClInclude>
    <ClInclude Include="src\Tomato\Core\DateTime\DateTime.h">
      <Filter>Tomato\Core\DateTime</Filter>
    </ClInclude>
    <ClInclude Include="src\Tomato\Core\DateTime\Time.h">
      <Filter>Tomato\Core\DateTime</Filter>
    </ClInclude>
    <ClInclude Include="src\Tomato\Core\FileManager\File.h">
      <Filter>Tomato\Core\FileManager</Filter>
    </ClInclude>
    <ClInclude Include="src\Tomato\Core\Logger\Logger.h">
      <Filter>Tomato\Core\Logger</Filter>
    </ClInclude>
    <ClInclude Include="src\Tomato\Core\Logger\Print.h">
      <Filter>Tomato\Core\Logger</Filter>
    </ClInclude>
    <ClInclude Include="src\Tomato\Core\Maths\Float.h">
      <Filter>Tomato\Core\Maths</Filter>
    </ClInclude>
    <ClInclude Include="src\Tomato\Core\Maths\Int.h">
      <Filter>Tomato\Core\Maths</Filter>
    </ClInclude>
    <ClInclude Include="src\Tomato\Core\Maths\Mat.h">
      <Filter>Tomato\Core\Maths</Filter>
    </ClInclude>
    <ClInclude Include="src\Tomato\Core\Maths\Math.h">
      <Filter>Tomato\Core\Maths</Filter>
    </ClInclude>
    <ClInclude Include="src\Tomato\Core\Maths\Maths.h">
      <Filter>Tomato\Core\Maths</Filter>
    </ClInclude>
    <ClInclude Include="src\Tomato\Core\Maths\Matrix.h">
      <Filter>Tomato\Core\Maths</Filter>
    </ClInclude>
    <ClInclude Include="src\Tomato\Core\Maths\Quaternion.h">
      <Filter>Tomato\Core\Maths</Filter>
    </ClInclude>
    <ClInclude Include="src\Tomato\Core\Maths\UInt.h">
      <Filter>Tomato\Core\Maths</Filter>
    </ClInclude>
    <ClInclude Include="src\Tomato\Core\Maths\Vec.h">
      <Filter>Tomato\Core\Maths</Filter>
    </ClInclude>
    <ClInclude Include="src\Tomato\Core\Serializer\Serializer.h">
      <Filter>Tomato\Core\Serializer</Filter>
    </ClInclude>
    <ClInclude Include="src\Tomato\Core\String\String.h">
      <Filter>Tomato\Core\String</Filter>
    </ClInclude>
    <ClInclude Include="src\Tomato\Core\Timer\Benchmarker.h">
      <Filter>Tomato\Core\Timer</Filter>
    </ClInclude>
    <ClInclude Include="src\Tomato\Core\Timer\Timer.h">
      <Filter>Tomato\Core\Timer</Filter>
    </ClInclude>
    <ClInclude Include="src\Tomato\Event\Event.h">
      <Filter>Tomato\Event</Filter>
    </ClInclude>
    <ClInclude Include="src\Tomato\Event\Events.h">
      <Filter>Tomato\Event</Filter>
    </ClInclude>
    <ClInclude Include="src\Tomato\Event\Input.h">
      <Filter>Tomato\Event</Filter>
    </ClInclude>
    <ClInclude Include="src\Tomato\Event\KeyboardCodes.h">
      <Filter>Tomato\Event</Filter>
    </ClInclude>
    <ClInclude Include="src\Tomato\Event\KeyboardEvent.h">
      <Filter>Tomato\Event</Filter>
    </ClInclude>
    <ClInclude Include="src\Tomato\Event\MouseCodes.h">
      <Filter>Tomato\Event</Filter>
    </ClInclude>
    <ClInclude Include="src\Tomato\Event\MouseEvent.h">
      <Filter>Tomato\Event</Filter>
    </ClInclude>
    <ClInclude Include="src\Tomato\Event\WindowEvent.h">
      <Filter>Tomato\Event</Filter>
    </ClInclude>
    <ClInclude Include="src\Tomato\GUI\GUI.h">
      <Filter>Tomato\GUI</Filter>
    </ClInclude>
    <ClInclude Include="src\Tomato\GUI\GUI_API.h">
      <Filter>Tomato\GUI</Filter>
    </ClInclude>
    <ClInclude Include="src\Tomato\Renderer\Buffer\Buffer.h">
      <Filter>Tomato\Renderer\Buffer</Filter>
    </ClInclude>
    <ClInclude Include="src\Tomato\Renderer\Buffer\FrameBuffer.h">
      <Filter>Tomato\Renderer\Buffer</Filter>
    </ClInclude>
    <ClInclude Include="src\Tomato\Renderer\Buffer\IndexBuffer.h">
      <Filter>Tomato\Renderer\Buffer</Filter>
    </ClInclude>
    <ClInclude Include="src\Tomato\Renderer\Buffer\Vertex.h">
      <Filter>Tomato\Renderer\Buffer</Filter>
    </ClInclude>
    <ClInclude Include="src\Tomato\Renderer\Buffer\VertexArray.h">
      <Filter>Tomato\Renderer\Buffer</Filter>
    </ClInclude>
    <ClInclude Include="src\Tomato\Renderer\Buffer\VertexBuffer.h">
      <Filter>Tomato\Renderer\Buffer</Filter>
    </ClInclude>
    <ClInclude Include="src\Tomato\Renderer\Mesh.h">
      <Filter>Tomato\Renderer</Filter>
    </ClInclude>
    <ClInclude Include="src\Tomato\Renderer\Renderer.h">
      <Filter>Tomato\Renderer</Filter>
    </ClInclude>
    <ClInclude Include="src\Tomato\Renderer\Renderer3D.h">
      <Filter>Tomato\Renderer</Filter>
    </ClInclude>
    <ClInclude Include="src\Tomato\Renderer\Scene\Component\CameraComponent.h">
      <Filter>Tomato\Renderer\Scene\Component</Filter>
    </ClInclude>
    <ClInclude Include="src\Tomato\Renderer\Scene\Component\Component.h">
      <Filter>Tomato\Renderer\Scene\Component</Filter>
    </ClInclude>
    <ClInclude Include="src\Tomato\Renderer\Scene\Component\MeshRendererComponent.h">
      <Filter>Tomato\Renderer\Scene\Component</Filter>
    </ClInclude>
    <ClInclude Include="src\Tomato\Renderer\Scene\Component\TextMeshComponent.h">
      <Filter>Tomato\Renderer\Scene\Component</Filter>
    </ClInclude>
    <ClInclude Include="src\Tomato\Renderer\Scene\Component\TransformComponent.h">
      <Filter>Tomato\Renderer\Scene\Component</Filter>
    </ClInclude>
    <ClInclude Include="src\Tomato\Renderer\Scene\Entity.h">
      <Filter>Tomato\Renderer\Scene</Filter>
    </ClInclude>
    <ClInclude Include="src\Tomato\Renderer\Scene\Registry.h">
      <Filter>Tomato\Renderer\Scene</Filter>
    </ClInclude>
    <ClInclude Include="src\Tomato\Renderer\Scene\Scene.h">
      <Filter>Tomato\Renderer\Scene</Filter>
    </ClInclude>
    <ClInclude Include="src\Tomato\Renderer\Scene\SceneSerializer.h">
      <Filter>Tomato\Renderer\Scene</Filter>
    </ClInclude>
    <ClInclude Include="src\Tomato\Renderer\Shader.h">
      <Filter>Tomato\Renderer</Filter>
    </ClInclude>
    <ClInclude Include="src\Tomato\Renderer\Texture\Character.h">
      <Filter>Tomato\Renderer\Texture</Filter>
    </ClInclude>
    <ClInclude Include="src\Tomato\Renderer\Texture\Font.h">
      <Filter>Tomato\Renderer\Texture</Filter>
    </ClInclude>
    <ClInclude Include="src\Tomato\Renderer\Texture\Image.h">
      <Filter>Tomato\Renderer\Texture</Filter>
    </ClInclude>
    <ClInclude Include="src\Tomato\Renderer\Texture\Texture.h">
      <Filter>Tomato\Renderer\Texture</Filter>
    </ClInclude>
    <ClInclude Include="src\Tomato\Renderer\Texture\Tilemap.h">
      <Filter>Tomato\Renderer\Texture</Filter>
    </ClInclude>
    <ClInclude Include="src\pchTomato.h" />
    <ClInclude Include="src\RendererAPI\OpenGL\OpenGLTexture.h" />
  </ItemGroup>
  <ItemGroup>
    <ClCompile Include="src\RendererAPI\DirectX\DirectXCodes.cpp">
      <Filter>RendererAPI\DirectX</Filter>
    </ClCompile>
    <ClCompile Include="src\RendererAPI\DirectX\DirectXDevice.cpp">
      <Filter>RendererAPI\DirectX</Filter>
    </ClCompile>
    <ClCompile Include="src\RendererAPI\DirectX\DirectXGUI.cpp">
      <Filter>RendererAPI\DirectX</Filter>
    </ClCompile>
    <ClCompile Include="src\RendererAPI\DirectX\DirectXIndexBuffer.cpp">
      <Filter>RendererAPI\DirectX</Filter>
    </ClCompile>
    <ClCompile Include="src\RendererAPI\DirectX\DirectXRenderer3D.cpp">
      <Filter>RendererAPI\DirectX</Filter>
    </ClCompile>
    <ClCompile Include="src\RendererAPI\DirectX\DirectXShader.cpp">
      <Filter>RendererAPI\DirectX</Filter>
    </ClCompile>
    <ClCompile Include="src\RendererAPI\DirectX\DirectXVertexBuffer.cpp">
      <Filter>RendererAPI\DirectX</Filter>
    </ClCompile>
    <ClCompile Include="src\RendererAPI\DirectX\DirectXWindow.cpp">
      <Filter>RendererAPI\DirectX</Filter>
    </ClCompile>
    <ClCompile Include="src\RendererAPI\OpenGL\OpenGLBuffer.cpp">
      <Filter>RendererAPI\OpenGL</Filter>
    </ClCompile>
    <ClCompile Include="src\RendererAPI\OpenGL\OpenGLGUI.cpp">
      <Filter>RendererAPI\OpenGL</Filter>
    </ClCompile>
    <ClCompile Include="src\RendererAPI\OpenGL\OpenGLIndexBuffer.cpp">
      <Filter>RendererAPI\OpenGL</Filter>
    </ClCompile>
    <ClCompile Include="src\RendererAPI\OpenGL\OpenGLInput.cpp">
      <Filter>RendererAPI\OpenGL</Filter>
    </ClCompile>
    <ClCompile Include="src\RendererAPI\OpenGL\OpenGLRenderer3D.cpp">
      <Filter>RendererAPI\OpenGL</Filter>
    </ClCompile>
    <ClCompile Include="src\RendererAPI\OpenGL\OpenGLShader.cpp">
      <Filter>RendererAPI\OpenGL</Filter>
    </ClCompile>
    <ClCompile Include="src\RendererAPI\OpenGL\OpenGLVertexArray.cpp">
      <Filter>RendererAPI\OpenGL</Filter>
    </ClCompile>
    <ClCompile Include="src\RendererAPI\OpenGL\OpenGLVertexBuffer.cpp">
      <Filter>RendererAPI\OpenGL</Filter>
    </ClCompile>
    <ClCompile Include="src\RendererAPI\OpenGL\OpenGLWindow.cpp">
      <Filter>RendererAPI\OpenGL</Filter>
    </ClCompile>
    <ClCompile Include="src\RendererAPI\RendererAPI.cpp">
      <Filter>RendererAPI</Filter>
    </ClCompile>
    <ClCompile Include="src\Tomato\Core\App\App.cpp">
      <Filter>Tomato\Core\App</Filter>
    </ClCompile>
    <ClCompile Include="src\Tomato\Core\App\EntryPoint.cpp">
      <Filter>Tomato\Core\App</Filter>
    </ClCompile>
    <ClCompile Include="src\Tomato\Core\App\Object.cpp">
      <Filter>Tomato\Core\App</Filter>
    </ClCompile>
    <ClCompile Include="src\Tomato\Core\App\UUID.cpp">
      <Filter>Tomato\Core\App</Filter>
    </ClCompile>
    <ClCompile Include="src\Tomato\Core\App\Window.cpp">
      <Filter>Tomato\Core\App</Filter>
    </ClCompile>
    <ClCompile Include="src\Tomato\Core\DateTime\Date.cpp">
      <Filter>Tomato\Core\DateTime</Filter>
    </ClCompile>
    <ClCompile Include="src\Tomato\Core\DateTime\DateTime.cpp">
      <Filter>Tomato\Core\DateTime</Filter>
    </ClCompile>
    <ClCompile Include="src\Tomato\Core\DateTime\Time.cpp">
      <Filter>Tomato\Core\DateTime</Filter>
    </ClCompile>
    <ClCompile Include="src\Tomato\Core\FileManager\File.cpp">
      <Filter>Tomato\Core\FileManager</Filter>
    </ClCompile>
    <ClCompile Include="src\Tomato\Core\Logger\Logger.cpp">
      <Filter>Tomato\Core\Logger</Filter>
    </ClCompile>
    <ClCompile Include="src\Tomato\Core\Maths\Float.cpp">
      <Filter>Tomato\Core\Maths</Filter>
    </ClCompile>
    <ClCompile Include="src\Tomato\Core\Maths\Int.cpp">
      <Filter>Tomato\Core\Maths</Filter>
    </ClCompile>
    <ClCompile Include="src\Tomato\Core\Maths\Math.cpp">
      <Filter>Tomato\Core\Maths</Filter>
    </ClCompile>
    <ClCompile Include="src\Tomato\Core\Maths\Quaternion.cpp">
      <Filter>Tomato\Core\Maths</Filter>
    </ClCompile>
    <ClCompile Include="src\Tomato\Core\Maths\UInt.cpp">
      <Filter>Tomato\Core\Maths</Filter>
    </ClCompile>
    <ClCompile Include="src\Tomato\Core\Serializer\Serializer.cpp">
      <Filter>Tomato\Core\Serializer</Filter>
    </ClCompile>
    <ClCompile Include="src\Tomato\Core\String\String.cpp">
      <Filter>Tomato\Core\String</Filter>
    </ClCompile>
    <ClCompile Include="src\Tomato\Core\Timer\Benchmarker.cpp">
      <Filter>Tomato\Core\Timer</Filter>
    </ClCompile>
    <ClCompile Include="src\Tomato\Core\Timer\Timer.cpp">
      <Filter>Tomato\Core\Timer</Filter>
    </ClCompile>
    <ClCompile Include="src\Tomato\Event\Event.cpp">
      <Filter>Tomato\Event</Filter>
    </ClCompile>
    <ClCompile Include="src\Tomato\Event\Input.cpp">
      <Filter>Tomato\Event</Filter>
    </ClCompile>
    <ClCompile Include="src\Tomato\Event\KeyboardEvent.cpp">
      <Filter>Tomato\Event</Filter>
    </ClCompile>
    <ClCompile Include="src\Tomato\Event\MouseEvent.cpp">
      <Filter>Tomato\Event</Filter>
    </ClCompile>
    <ClCompile Include="src\Tomato\GUI\GUI.cpp">
      <Filter>Tomato\GUI</Filter>
    </ClCompile>
    <ClCompile Include="src\Tomato\GUI\GUI_API.cpp">
      <Filter>Tomato\GUI</Filter>
    </ClCompile>
    <ClCompile Include="src\Tomato\Renderer\Buffer\Buffer.cpp">
      <Filter>Tomato\Renderer\Buffer</Filter>
    </ClCompile>
    <ClCompile Include="src\Tomato\Renderer\Buffer\FrameBuffer.cpp">
      <Filter>Tomato\Renderer\Buffer</Filter>
    </ClCompile>
    <ClCompile Include="src\Tomato\Renderer\Buffer\IndexBuffer.cpp">
      <Filter>Tomato\Renderer\Buffer</Filter>
    </ClCompile>
    <ClCompile Include="src\Tomato\Renderer\Buffer\Vertex.cpp">
      <Filter>Tomato\Renderer\Buffer</Filter>
    </ClCompile>
    <ClCompile Include="src\Tomato\Renderer\Buffer\VertexArray.cpp">
      <Filter>Tomato\Renderer\Buffer</Filter>
    </ClCompile>
    <ClCompile Include="src\Tomato\Renderer\Buffer\VertexBuffer.cpp">
      <Filter>Tomato\Renderer\Buffer</Filter>
    </ClCompile>
    <ClCompile Include="src\Tomato\Renderer\Mesh.cpp">
      <Filter>Tomato\Renderer</Filter>
    </ClCompile>
    <ClCompile Include="src\Tomato\Renderer\Renderer.cpp">
      <Filter>Tomato\Renderer</Filter>
    </ClCompile>
    <ClCompile Include="src\Tomato\Renderer\Renderer3D.cpp">
      <Filter>Tomato\Renderer</Filter>
    </ClCompile>
    <ClCompile Include="src\Tomato\Renderer\Scene\Component\CameraComponent.cpp">
      <Filter>Tomato\Renderer\Scene\Component</Filter>
    </ClCompile>
    <ClCompile Include="src\Tomato\Renderer\Scene\Component\MeshRendererComponent.cpp">
      <Filter>Tomato\Renderer\Scene\Component</Filter>
    </ClCompile>
    <ClCompile Include="src\Tomato\Renderer\Scene\Component\TextMeshComponent.cpp">
      <Filter>Tomato\Renderer\Scene\Component</Filter>
    </ClCompile>
    <ClCompile Include="src\Tomato\Renderer\Scene\Component\TransformComponent.cpp">
      <Filter>Tomato\Renderer\Scene\Component</Filter>
    </ClCompile>
    <ClCompile Include="src\Tomato\Renderer\Scene\Entity.cpp">
      <Filter>Tomato\Renderer\Scene</Filter>
    </ClCompile>
    <ClCompile Include="src\Tomato\Renderer\Scene\Registry.cpp">
      <Filter>Tomato\Renderer\Scene</Filter>
    </ClCompile>
    <ClCompile Include="src\Tomato\Renderer\Scene\Scene.cpp">
      <Filter>Tomato\Renderer\Scene</Filter>
    </ClCompile>
    <ClCompile Include="src\Tomato\Renderer\Scene\SceneSerializer.cpp">
      <Filter>Tomato\Renderer\Scene</Filter>
    </ClCompile>
    <ClCompile Include="src\Tomato\Renderer\Shader.cpp">
      <Filter>Tomato\Renderer</Filter>
    </ClCompile>
    <ClCompile Include="src\Tomato\Renderer\Texture\Font.cpp">
      <Filter>Tomato\Renderer\Texture</Filter>
    </ClCompile>
    <ClCompile Include="src\Tomato\Renderer\Texture\Image.cpp">
      <Filter>Tomato\Renderer\Texture</Filter>
    </ClCompile>
    <ClCompile Include="src\Tomato\Renderer\Texture\Texture.cpp">
      <Filter>Tomato\Renderer\Texture</Filter>
    </ClCompile>
    <ClCompile Include="src\Tomato\Renderer\Texture\Tilemap.cpp">
      <Filter>Tomato\Renderer\Texture</Filter>
    </ClCompile>
    <ClCompile Include="src\pchTomato.cpp" />
    <ClCompile Include="src\RendererAPI\OpenGL\OpenGLTexture.cpp" />
  </ItemGroup>
</Project>